{"1.2.0",
[{<<"base64url">>,{pkg,<<"base64url">>,<<"0.0.1">>},1},
 {<<"certifi">>,{pkg,<<"certifi">>,<<"2.5.3">>},2},
 {<<"erlsom">>,{pkg,<<"erlsom">>,<<"1.5.0">>},1},
 {<<"hackney">>,
  {git,"https://github.com/benoitc/hackney.git",
       {ref,"5b7363c14071abe92d4039a7fc96371bd6eee91e"}},
  1},
 {<<"idna">>,{pkg,<<"idna">>,<<"6.1.1">>},2},
 {<<"jose">>,
  {git,"git://github.com/potatosalad/erlang-jose.git",
       {ref,"090a2ed054304ecc012d6c2d9d10d2a294d835b1"}},
  0},
 {<<"jsx">>,{pkg,<<"jsx">>,<<"2.9.0">>},1},
 {<<"metrics">>,{pkg,<<"metrics">>,<<"1.0.1">>},2},
 {<<"mimerl">>,{pkg,<<"mimerl">>,<<"1.2.0">>},2},
 {<<"parse_trans">>,{pkg,<<"parse_trans">>,<<"3.3.1">>},2},
 {<<"restc">>,
  {git,"git://github.com/kivra/restclient.git",
       {ref,"993fdb6005da69252ec98573b2c4ea5a905011ff"}},
  0},
 {<<"ssl_verify_fun">>,{pkg,<<"ssl_verify_fun">>,<<"1.1.6">>},2},
 {<<"unicode_util_compat">>,{pkg,<<"unicode_util_compat">>,<<"0.7.0">>},2}]}.
[
{pkg_hash_ext,[
 {<<"base64url">>, <<"FAB09B20E3F5DB886725544CBCF875B8E73EC93363954EB8A1A9ED834AA8C1F9">>},
 {<<"certifi">>, <<"805ABD97539CAF89EC6D4732C91E62BA9DA0CDA51AC462380BBD28EE697A8C42">>},
 {<<"erlsom">>, <<"55A9DBF9CFA77FCFC108BD8E2C4F9F784DEA228A8F4B06EA10B684944946955A">>},
 {<<"idna">>, <<"4BDD305EB64E18B0273864920695CB18D7A2021F31A11B9C5FBCD9A253F936E2">>},
 {<<"jsx">>, <<"8EE1DB1CABAFDD578A2776A6AAAE87C2A8CE54B47B59E9EC7DAB5D7EB71CD8DC">>},
 {<<"metrics">>, <<"69B09ADDDC4F74A40716AE54D140F93BEB0FB8978D8636EADED0C31B6F099F16">>},
 {<<"mimerl">>, <<"F278585650AA581986264638EBF698F8BB19DF297F66AD91B18910DFC6E19323">>},
 {<<"parse_trans">>, <<"07CD9577885F56362D414E8C4C4E6BDF10D43A8767ABB92D24CBE8B24C54888B">>},
 {<<"ssl_verify_fun">>, <<"13104D7897E38ED7F044C4DE953A6C28597D1C952075EB2E328BC6D6F2BFC496">>},
 {<<"unicode_util_compat">>, <<"1D1848C40487CDB0B30E8ED975E34E025860C02E419CB615D255849F3427439D">>}]}
].
